
Microsoft Visual Studio Solution File, Format Version 12.00
# Visual Studio Version 17
VisualStudioVersion = 17.7.34202.233
MinimumVisualStudioVersion = 10.0.40219.1
Project("{9A19103F-16F7-4668-BE54-9A1E7A4F7556}") = "RedisExample.API", "RedisExample.API\RedisExample.API.csproj", "{B1117907-FC0E-424B-852B-BE0D15D4772F}"
EndProject
Project("{FAE04EC0-301F-11D3-BF4B-00C04F79EFBC}") = "RedisExample.Cache", "RedisExample.Cache\RedisExample.Cache.csproj", "{77A3866E-F01F-4EBF-9130-F90A786EDE4D}"
EndProject
Global
	GlobalSection(SolutionConfigurationPlatforms) = preSolution
		Debug|Any CPU = Debug|Any CPU
		Release|Any CPU = Release|Any CPU
	EndGlobalSection
	GlobalSection(ProjectConfigurationPlatforms) = postSolution
		{B1117907-FC0E-424B-852B-BE0D15D4772F}.Debug|Any CPU.ActiveCfg = Debug|Any CPU
		{B1117907-FC0E-424B-852B-BE0D15D4772F}.Debug|Any CPU.Build.0 = Debug|Any CPU
		{B1117907-FC0E-424B-852B-BE0D15D4772F}.Release|Any CPU.ActiveCfg = Release|Any CPU
		{B1117907-FC0E-424B-852B-BE0D15D4772F}.Release|Any CPU.Build.0 = Release|Any CPU
		{77A3866E-F01F-4EBF-9130-F90A786EDE4D}.Debug|Any CPU.ActiveCfg = Debug|Any CPU
		{77A3866E-F01F-4EBF-9130-F90A786EDE4D}.Debug|Any CPU.Build.0 = Debug|Any CPU
		{77A3866E-F01F-4EBF-9130-F90A786EDE4D}.Release|Any CPU.ActiveCfg = Release|Any CPU
		{77A3866E-F01F-4EBF-9130-F90A786EDE4D}.Release|Any CPU.Build.0 = Release|Any CPU
	EndGlobalSection
	GlobalSection(SolutionProperties) = preSolution
		HideSolutionNode = FALSE
	EndGlobalSection
	GlobalSection(ExtensibilityGlobals) = postSolution
		SolutionGuid = {39CABFD7-BF31-45BA-A1D5-4516AB96DCCD}
	EndGlobalSection
EndGlobal
